Microsoft Visual Studio Solution File, Format Version 12.00
# Visual Studio Version 17
VisualStudioVersion = 17.5.2.0
MinimumVisualStudioVersion = 10.0.40219.1
Project("{FAE04EC0-301F-11D3-BF4B-00C04F79EFBC}") = "BtkAcademyApp", "BtkAcademyApp\BtkAcademyApp.csproj", "{4571082D-73CC-DDA9-B8B2-8A1ADAB58B3E}"
EndProject
Global
	GlobalSection(SolutionConfigurationPlatforms) = preSolution
		Debug|Any CPU = Debug|Any CPU
		Release|Any CPU = Release|Any CPU
	EndGlobalSection
	GlobalSection(ProjectConfigurationPlatforms) = postSolution
		{4571082D-73CC-DDA9-B8B2-8A1ADAB58B3E}.Debug|Any CPU.ActiveCfg = Debug|Any CPU
		{4571082D-73CC-DDA9-B8B2-8A1ADAB58B3E}.Debug|Any CPU.Build.0 = Debug|Any CPU
		{4571082D-73CC-DDA9-B8B2-8A1ADAB58B3E}.Release|Any CPU.ActiveCfg = Release|Any CPU
		{4571082D-73CC-DDA9-B8B2-8A1ADAB58B3E}.Release|Any CPU.Build.0 = Release|Any CPU
	EndGlobalSection
	GlobalSection(SolutionProperties) = preSolution
		HideSolutionNode = FALSE
	EndGlobalSection
	GlobalSection(ExtensibilityGlobals) = postSolution
		SolutionGuid = {D9E8499F-814C-4093-9437-7989E281C459}
	EndGlobalSection
EndGlobal
